
Microsoft Visual Studio Solution File, Format Version 12.00
# Visual Studio Version 16
VisualStudioVersion = 16.0.30114.105
MinimumVisualStudioVersion = 10.0.40219.1
Project("{FAE04EC0-301F-11D3-BF4B-00C04F79EFBC}") = "API", "API\API.csproj", "{9FFA6E72-1679-4155-9BE8-BC1E7B351214}"
EndProject
Project("{FAE04EC0-301F-11D3-BF4B-00C04F79EFBC}") = "Core", "Core\Core.csproj", "{58D56552-F682-482F-80BC-F9DE38EB0855}"
EndProject
Project("{FAE04EC0-301F-11D3-BF4B-00C04F79EFBC}") = "Infastructure", "Infastructure\Infastructure.csproj", "{B0054C38-5845-42F2-B6D3-705D61ABFCEB}"
EndProject
Global
	GlobalSection(SolutionConfigurationPlatforms) = preSolution
		Debug|Any CPU = Debug|Any CPU
		Release|Any CPU = Release|Any CPU
	EndGlobalSection
	GlobalSection(SolutionProperties) = preSolution
		HideSolutionNode = FALSE
	EndGlobalSection
	GlobalSection(ProjectConfigurationPlatforms) = postSolution
		{9FFA6E72-1679-4155-9BE8-BC1E7B351214}.Debug|Any CPU.ActiveCfg = Debug|Any CPU
		{9FFA6E72-1679-4155-9BE8-BC1E7B351214}.Debug|Any CPU.Build.0 = Debug|Any CPU
		{9FFA6E72-1679-4155-9BE8-BC1E7B351214}.Release|Any CPU.ActiveCfg = Release|Any CPU
		{9FFA6E72-1679-4155-9BE8-BC1E7B351214}.Release|Any CPU.Build.0 = Release|Any CPU
		{58D56552-F682-482F-80BC-F9DE38EB0855}.Debug|Any CPU.ActiveCfg = Debug|Any CPU
		{58D56552-F682-482F-80BC-F9DE38EB0855}.Debug|Any CPU.Build.0 = Debug|Any CPU
		{58D56552-F682-482F-80BC-F9DE38EB0855}.Release|Any CPU.ActiveCfg = Release|Any CPU
		{58D56552-F682-482F-80BC-F9DE38EB0855}.Release|Any CPU.Build.0 = Release|Any CPU
		{B0054C38-5845-42F2-B6D3-705D61ABFCEB}.Debug|Any CPU.ActiveCfg = Debug|Any CPU
		{B0054C38-5845-42F2-B6D3-705D61ABFCEB}.Debug|Any CPU.Build.0 = Debug|Any CPU
		{B0054C38-5845-42F2-B6D3-705D61ABFCEB}.Release|Any CPU.ActiveCfg = Release|Any CPU
		{B0054C38-5845-42F2-B6D3-705D61ABFCEB}.Release|Any CPU.Build.0 = Release|Any CPU
	EndGlobalSection
EndGlobal
